
Microsoft Visual Studio Solution File, Format Version 12.00
# Visual Studio Version 16
VisualStudioVersion = 16.0.30413.136
MinimumVisualStudioVersion = 10.0.40219.1
Project("{9A19103F-16F7-4668-BE54-9A1E7A4F7556}") = "Allergies", "Allergies.csproj", "{B20A0220-5621-4446-BBD2-5C99348950A5}"
EndProject
Global
	GlobalSection(SolutionConfigurationPlatforms) = preSolution
		Debug|Any CPU = Debug|Any CPU
		Release|Any CPU = Release|Any CPU
	EndGlobalSection
	GlobalSection(ProjectConfigurationPlatforms) = postSolution
		{B20A0220-5621-4446-BBD2-5C99348950A5}.Debug|Any CPU.ActiveCfg = Debug|Any CPU
		{B20A0220-5621-4446-BBD2-5C99348950A5}.Debug|Any CPU.Build.0 = Debug|Any CPU
		{B20A0220-5621-4446-BBD2-5C99348950A5}.Release|Any CPU.ActiveCfg = Release|Any CPU
		{B20A0220-5621-4446-BBD2-5C99348950A5}.Release|Any CPU.Build.0 = Release|Any CPU
	EndGlobalSection
	GlobalSection(SolutionProperties) = preSolution
		HideSolutionNode = FALSE
	EndGlobalSection
	GlobalSection(ExtensibilityGlobals) = postSolution
		SolutionGuid = {4A83954E-8DD0-4FB4-8851-18AAEB77C595}
	EndGlobalSection
EndGlobal
