
Microsoft Visual Studio Solution File, Format Version 12.00
# Visual Studio Version 16
VisualStudioVersion = 16.0.30413.136
MinimumVisualStudioVersion = 10.0.40219.1
Project("{9A19103F-16F7-4668-BE54-9A1E7A4F7556}") = "NucleotideCount", "NucleotideCount.csproj", "{13169167-09B3-4A47-B1DB-A1A8663818C7}"
EndProject
Global
	GlobalSection(SolutionConfigurationPlatforms) = preSolution
		Debug|Any CPU = Debug|Any CPU
		Release|Any CPU = Release|Any CPU
	EndGlobalSection
	GlobalSection(ProjectConfigurationPlatforms) = postSolution
		{13169167-09B3-4A47-B1DB-A1A8663818C7}.Debug|Any CPU.ActiveCfg = Debug|Any CPU
		{13169167-09B3-4A47-B1DB-A1A8663818C7}.Debug|Any CPU.Build.0 = Debug|Any CPU
		{13169167-09B3-4A47-B1DB-A1A8663818C7}.Release|Any CPU.ActiveCfg = Release|Any CPU
		{13169167-09B3-4A47-B1DB-A1A8663818C7}.Release|Any CPU.Build.0 = Release|Any CPU
	EndGlobalSection
	GlobalSection(SolutionProperties) = preSolution
		HideSolutionNode = FALSE
	EndGlobalSection
	GlobalSection(ExtensibilityGlobals) = postSolution
		SolutionGuid = {AC32EEFA-C6EB-411B-8C4A-41934F7B3935}
	EndGlobalSection
EndGlobal
